
Microsoft Visual Studio Solution File, Format Version 12.00
# Visual Studio Version 16
VisualStudioVersion = 16.0.30517.126
MinimumVisualStudioVersion = 10.0.40219.1
Project("{FAE04EC0-301F-11D3-BF4B-00C04F79EFBC}") = "BackCRUD", "BackCRUD\BackCRUD.csproj", "{6188B046-2C68-422F-B061-BEF48EC33DE1}"
EndProject
Global
	GlobalSection(SolutionConfigurationPlatforms) = preSolution
		Debug|Any CPU = Debug|Any CPU
		Release|Any CPU = Release|Any CPU
	EndGlobalSection
	GlobalSection(ProjectConfigurationPlatforms) = postSolution
		{6188B046-2C68-422F-B061-BEF48EC33DE1}.Debug|Any CPU.ActiveCfg = Debug|Any CPU
		{6188B046-2C68-422F-B061-BEF48EC33DE1}.Debug|Any CPU.Build.0 = Debug|Any CPU
		{6188B046-2C68-422F-B061-BEF48EC33DE1}.Release|Any CPU.ActiveCfg = Release|Any CPU
		{6188B046-2C68-422F-B061-BEF48EC33DE1}.Release|Any CPU.Build.0 = Release|Any CPU
	EndGlobalSection
	GlobalSection(SolutionProperties) = preSolution
		HideSolutionNode = FALSE
	EndGlobalSection
	GlobalSection(ExtensibilityGlobals) = postSolution
		SolutionGuid = {434FE0E8-48AE-4851-A104-37EF407EE23F}
	EndGlobalSection
EndGlobal
